
Microsoft Visual Studio Solution File, Format Version 12.00
# Visual Studio Version 16
VisualStudioVersion = 16.0.29926.136
MinimumVisualStudioVersion = 10.0.40219.1
Project("{9A19103F-16F7-4668-BE54-9A1E7A4F7556}") = "Nanomesh", "Nanomesh\Nanomesh.csproj", "{44A9A1A7-C613-4BA0-AE33-D182BDD19FB8}"
EndProject
Project("{9A19103F-16F7-4668-BE54-9A1E7A4F7556}") = "Tests", "Tests\Tests.csproj", "{2845B015-ED93-4AE0-8E56-94AE3F498DB3}"
EndProject
Global
	GlobalSection(SolutionConfigurationPlatforms) = preSolution
		Debug|Any CPU = Debug|Any CPU
		Release|Any CPU = Release|Any CPU
	EndGlobalSection
	GlobalSection(ProjectConfigurationPlatforms) = postSolution
		{44A9A1A7-C613-4BA0-AE33-D182BDD19FB8}.Debug|Any CPU.ActiveCfg = Debug|Any CPU
		{44A9A1A7-C613-4BA0-AE33-D182BDD19FB8}.Debug|Any CPU.Build.0 = Debug|Any CPU
		{44A9A1A7-C613-4BA0-AE33-D182BDD19FB8}.Release|Any CPU.ActiveCfg = Release|Any CPU
		{44A9A1A7-C613-4BA0-AE33-D182BDD19FB8}.Release|Any CPU.Build.0 = Release|Any CPU
		{2845B015-ED93-4AE0-8E56-94AE3F498DB3}.Debug|Any CPU.ActiveCfg = Debug|Any CPU
		{2845B015-ED93-4AE0-8E56-94AE3F498DB3}.Debug|Any CPU.Build.0 = Debug|Any CPU
		{2845B015-ED93-4AE0-8E56-94AE3F498DB3}.Release|Any CPU.ActiveCfg = Release|Any CPU
		{2845B015-ED93-4AE0-8E56-94AE3F498DB3}.Release|Any CPU.Build.0 = Release|Any CPU
	EndGlobalSection
	GlobalSection(SolutionProperties) = preSolution
		HideSolutionNode = FALSE
	EndGlobalSection
	GlobalSection(ExtensibilityGlobals) = postSolution
		SolutionGuid = {30224F27-FE89-40D0-8C73-287813CD2033}
	EndGlobalSection
EndGlobal
